
Microsoft Visual Studio Solution File, Format Version 12.00
# Visual Studio Version 17
VisualStudioVersion = 17.5.002.0
MinimumVisualStudioVersion = 10.0.40219.1
Project("{9A19103F-16F7-4668-BE54-9A1E7A4F7556}") = "hw_3_3", "hw_3_3.csproj", "{77320DFE-C4D4-4CDA-B5FB-204481D19CB0}"
EndProject
Global
	GlobalSection(SolutionConfigurationPlatforms) = preSolution
		Debug|Any CPU = Debug|Any CPU
		Release|Any CPU = Release|Any CPU
	EndGlobalSection
	GlobalSection(ProjectConfigurationPlatforms) = postSolution
		{77320DFE-C4D4-4CDA-B5FB-204481D19CB0}.Debug|Any CPU.ActiveCfg = Debug|Any CPU
		{77320DFE-C4D4-4CDA-B5FB-204481D19CB0}.Debug|Any CPU.Build.0 = Debug|Any CPU
		{77320DFE-C4D4-4CDA-B5FB-204481D19CB0}.Release|Any CPU.ActiveCfg = Release|Any CPU
		{77320DFE-C4D4-4CDA-B5FB-204481D19CB0}.Release|Any CPU.Build.0 = Release|Any CPU
	EndGlobalSection
	GlobalSection(SolutionProperties) = preSolution
		HideSolutionNode = FALSE
	EndGlobalSection
	GlobalSection(ExtensibilityGlobals) = postSolution
		SolutionGuid = {8E6107B7-D669-4BAD-92B7-EC03DD6A03F5}
	EndGlobalSection
EndGlobal
