
Microsoft Visual Studio Solution File, Format Version 12.00
# Visual Studio Version 17
VisualStudioVersion = 17.5.002.0
MinimumVisualStudioVersion = 10.0.40219.1
Project("{9A19103F-16F7-4668-BE54-9A1E7A4F7556}") = "hw_5_2", "hw_5_2.csproj", "{2525C7AB-E21F-467B-B29C-B5D4B672FEAD}"
EndProject
Global
	GlobalSection(SolutionConfigurationPlatforms) = preSolution
		Debug|Any CPU = Debug|Any CPU
		Release|Any CPU = Release|Any CPU
	EndGlobalSection
	GlobalSection(ProjectConfigurationPlatforms) = postSolution
		{2525C7AB-E21F-467B-B29C-B5D4B672FEAD}.Debug|Any CPU.ActiveCfg = Debug|Any CPU
		{2525C7AB-E21F-467B-B29C-B5D4B672FEAD}.Debug|Any CPU.Build.0 = Debug|Any CPU
		{2525C7AB-E21F-467B-B29C-B5D4B672FEAD}.Release|Any CPU.ActiveCfg = Release|Any CPU
		{2525C7AB-E21F-467B-B29C-B5D4B672FEAD}.Release|Any CPU.Build.0 = Release|Any CPU
	EndGlobalSection
	GlobalSection(SolutionProperties) = preSolution
		HideSolutionNode = FALSE
	EndGlobalSection
	GlobalSection(ExtensibilityGlobals) = postSolution
		SolutionGuid = {9F321474-8D7A-462F-9357-6C18B707DEF4}
	EndGlobalSection
EndGlobal
